// !$*UTF8*$!
{
	archiveVersion = 1;
	classes = {
	};
	objectVersion = 46;
	objects = {

/* Begin PBXBuildFile section */
		1A9027D3428F578958034AAE /* Pods_tutuRoute.framework in Frameworks */ = {isa = PBXBuildFile; fileRef = 42B90D87A80EA9D1B2F8FFE7 /* Pods_tutuRoute.framework */; };
		FD599B601CEB76DE006E9D4D /* StationsLoader.swift in Sources */ = {isa = PBXBuildFile; fileRef = FD599B5F1CEB76DE006E9D4D /* StationsLoader.swift */; };
		FDAE5CB81CE50CE6000D1DCB /* AppDelegate.swift in Sources */ = {isa = PBXBuildFile; fileRef = FDAE5CB71CE50CE6000D1DCB /* AppDelegate.swift */; };
		FDAE5CBD1CE50CE6000D1DCB /* Main.storyboard in Resources */ = {isa = PBXBuildFile; fileRef = FDAE5CBB1CE50CE6000D1DCB /* Main.storyboard */; };
		FDAE5CC01CE50CE6000D1DCB /* tutuRoute.xcdatamodeld in Sources */ = {isa = PBXBuildFile; fileRef = FDAE5CBE1CE50CE6000D1DCB /* tutuRoute.xcdatamodeld */; };
		FDAE5CC21CE50CE6000D1DCB /* Assets.xcassets in Resources */ = {isa = PBXBuildFile; fileRef = FDAE5CC11CE50CE6000D1DCB /* Assets.xcassets */; };
		FDAE5CC51CE50CE6000D1DCB /* LaunchScreen.storyboard in Resources */ = {isa = PBXBuildFile; fileRef = FDAE5CC31CE50CE6000D1DCB /* LaunchScreen.storyboard */; };
		FDAE5CD01CE50CE6000D1DCB /* tutuRouteTests.swift in Sources */ = {isa = PBXBuildFile; fileRef = FDAE5CCF1CE50CE6000D1DCB /* tutuRouteTests.swift */; };
		FDAE5CDB1CE50CE6000D1DCB /* tutuRouteUITests.swift in Sources */ = {isa = PBXBuildFile; fileRef = FDAE5CDA1CE50CE6000D1DCB /* tutuRouteUITests.swift */; };
		FDAE5CE91CE77463000D1DCB /* Datamodel.swift in Sources */ = {isa = PBXBuildFile; fileRef = FDAE5CE81CE77463000D1DCB /* Datamodel.swift */; };
		FDAE5CEB1CE77693000D1DCB /* Station.swift in Sources */ = {isa = PBXBuildFile; fileRef = FDAE5CEA1CE77693000D1DCB /* Station.swift */; };
		FDAE5CED1CE92260000D1DCB /* stations.json in Resources */ = {isa = PBXBuildFile; fileRef = FDAE5CEC1CE92260000D1DCB /* stations.json */; };
		FDAE5CEF1CE92891000D1DCB /* StationsListViewController.swift in Sources */ = {isa = PBXBuildFile; fileRef = FDAE5CEE1CE92891000D1DCB /* StationsListViewController.swift */; };
		FDBFE07C1CEA1D1D00304322 /* RouteViewController.swift in Sources */ = {isa = PBXBuildFile; fileRef = FDBFE07B1CEA1D1D00304322 /* RouteViewController.swift */; };
		FDBFE07E1CEA393E00304322 /* StationInfoViewController.swift in Sources */ = {isa = PBXBuildFile; fileRef = FDBFE07D1CEA393E00304322 /* StationInfoViewController.swift */; };
/* End PBXBuildFile section */

/* Begin PBXContainerItemProxy section */
		FDAE5CCC1CE50CE6000D1DCB /* PBXContainerItemProxy */ = {
			isa = PBXContainerItemProxy;
			containerPortal = FDAE5CAC1CE50CE6000D1DCB /* Project object */;
			proxyType = 1;
			remoteGlobalIDString = FDAE5CB31CE50CE6000D1DCB;
			remoteInfo = tutuRoute;
		};
		FDAE5CD71CE50CE6000D1DCB /* PBXContainerItemProxy */ = {
			isa = PBXContainerItemProxy;
			containerPortal = FDAE5CAC1CE50CE6000D1DCB /* Project object */;
			proxyType = 1;
			remoteGlobalIDString = FDAE5CB31CE50CE6000D1DCB;
			remoteInfo = tutuRoute;
		};
/* End PBXContainerItemProxy section */

/* Begin PBXFileReference section */
		2EA1BBDC8E0D82070FC9D20A /* Pods-tutuRoute.debug.xcconfig */ = {isa = PBXFileReference; includeInIndex = 1; lastKnownFileType = text.xcconfig; name = "Pods-tutuRoute.debug.xcconfig"; path = "Pods/Target Support Files/Pods-tutuRoute/Pods-tutuRoute.debug.xcconfig"; sourceTree = "<group>"; };
		4097E60AC6982CCF0B55D4D1 /* Pods-tutuRoute.release.xcconfig */ = {isa = PBXFileReference; includeInIndex = 1; lastKnownFileType = text.xcconfig; name = "Pods-tutuRoute.release.xcconfig"; path = "Pods/Target Support Files/Pods-tutuRoute/Pods-tutuRoute.release.xcconfig"; sourceTree = "<group>"; };
		42B90D87A80EA9D1B2F8FFE7 /* Pods_tutuRoute.framework */ = {isa = PBXFileReference; explicitFileType = wrapper.framework; includeInIndex = 0; path = Pods_tutuRoute.framework; sourceTree = BUILT_PRODUCTS_DIR; };
		FD599B5F1CEB76DE006E9D4D /* StationsLoader.swift */ = {isa = PBXFileReference; fileEncoding = 4; lastKnownFileType = sourcecode.swift; path = StationsLoader.swift; sourceTree = "<group>"; };
		FDAE5CB41CE50CE6000D1DCB /* tutuRoute.app */ = {isa = PBXFileReference; explicitFileType = wrapper.application; includeInIndex = 0; path = tutuRoute.app; sourceTree = BUILT_PRODUCTS_DIR; };
		FDAE5CB71CE50CE6000D1DCB /* AppDelegate.swift */ = {isa = PBXFileReference; lastKnownFileType = sourcecode.swift; path = AppDelegate.swift; sourceTree = "<group>"; };
		FDAE5CBC1CE50CE6000D1DCB /* Base */ = {isa = PBXFileReference; lastKnownFileType = file.storyboard; name = Base; path = Base.lproj/Main.storyboard; sourceTree = "<group>"; };
		FDAE5CBF1CE50CE6000D1DCB /* tutuRoute.xcdatamodel */ = {isa = PBXFileReference; lastKnownFileType = wrapper.xcdatamodel; path = tutuRoute.xcdatamodel; sourceTree = "<group>"; };
		FDAE5CC11CE50CE6000D1DCB /* Assets.xcassets */ = {isa = PBXFileReference; lastKnownFileType = folder.assetcatalog; path = Assets.xcassets; sourceTree = "<group>"; };
		FDAE5CC41CE50CE6000D1DCB /* Base */ = {isa = PBXFileReference; lastKnownFileType = file.storyboard; name = Base; path = Base.lproj/LaunchScreen.storyboard; sourceTree = "<group>"; };
		FDAE5CC61CE50CE6000D1DCB /* Info.plist */ = {isa = PBXFileReference; lastKnownFileType = text.plist.xml; path = Info.plist; sourceTree = "<group>"; };
		FDAE5CCB1CE50CE6000D1DCB /* tutuRouteTests.xctest */ = {isa = PBXFileReference; explicitFileType = wrapper.cfbundle; includeInIndex = 0; path = tutuRouteTests.xctest; sourceTree = BUILT_PRODUCTS_DIR; };
		FDAE5CCF1CE50CE6000D1DCB /* tutuRouteTests.swift */ = {isa = PBXFileReference; lastKnownFileType = sourcecode.swift; path = tutuRouteTests.swift; sourceTree = "<group>"; };
		FDAE5CD11CE50CE6000D1DCB /* Info.plist */ = {isa = PBXFileReference; lastKnownFileType = text.plist.xml; path = Info.plist; sourceTree = "<group>"; };
		FDAE5CD61CE50CE6000D1DCB /* tutuRouteUITests.xctest */ = {isa = PBXFileReference; explicitFileType = wrapper.cfbundle; includeInIndex = 0; path = tutuRouteUITests.xctest; sourceTree = BUILT_PRODUCTS_DIR; };
		FDAE5CDA1CE50CE6000D1DCB /* tutuRouteUITests.swift */ = {isa = PBXFileReference; lastKnownFileType = sourcecode.swift; path = tutuRouteUITests.swift; sourceTree = "<group>"; };
		FDAE5CDC1CE50CE6000D1DCB /* Info.plist */ = {isa = PBXFileReference; lastKnownFileType = text.plist.xml; path = Info.plist; sourceTree = "<group>"; };
		FDAE5CE81CE77463000D1DCB /* Datamodel.swift */ = {isa = PBXFileReference; fileEncoding = 4; lastKnownFileType = sourcecode.swift; path = Datamodel.swift; sourceTree = "<group>"; };
		FDAE5CEA1CE77693000D1DCB /* Station.swift */ = {isa = PBXFileReference; fileEncoding = 4; lastKnownFileType = sourcecode.swift; path = Station.swift; sourceTree = "<group>"; };
		FDAE5CEC1CE92260000D1DCB /* stations.json */ = {isa = PBXFileReference; fileEncoding = 4; lastKnownFileType = text.json; path = stations.json; sourceTree = "<group>"; };
		FDAE5CEE1CE92891000D1DCB /* StationsListViewController.swift */ = {isa = PBXFileReference; fileEncoding = 4; lastKnownFileType = sourcecode.swift; path = StationsListViewController.swift; sourceTree = "<group>"; };
		FDBFE07B1CEA1D1D00304322 /* RouteViewController.swift */ = {isa = PBXFileReference; fileEncoding = 4; lastKnownFileType = sourcecode.swift; path = RouteViewController.swift; sourceTree = "<group>"; };
		FDBFE07D1CEA393E00304322 /* StationInfoViewController.swift */ = {isa = PBXFileReference; fileEncoding = 4; lastKnownFileType = sourcecode.swift; path = StationInfoViewController.swift; sourceTree = "<group>"; };
/* End PBXFileReference section */

/* Begin PBXFrameworksBuildPhase section */
		FDAE5CB11CE50CE6000D1DCB /* Frameworks */ = {
			isa = PBXFrameworksBuildPhase;
			buildActionMask = 2147483647;
			files = (
				1A9027D3428F578958034AAE /* Pods_tutuRoute.framework in Frameworks */,
			);
			runOnlyForDeploymentPostprocessing = 0;
		};
		FDAE5CC81CE50CE6000D1DCB /* Frameworks */ = {
			isa = PBXFrameworksBuildPhase;
			buildActionMask = 2147483647;
			files = (
			);
			runOnlyForDeploymentPostprocessing = 0;
		};
		FDAE5CD31CE50CE6000D1DCB /* Frameworks */ = {
			isa = PBXFrameworksBuildPhase;
			buildActionMask = 2147483647;
			files = (
			);
			runOnlyForDeploymentPostprocessing = 0;
		};
/* End PBXFrameworksBuildPhase section */

/* Begin PBXGroup section */
		13CEB3463FB2817FFE3FC92D /* Frameworks */ = {
			isa = PBXGroup;
			children = (
				42B90D87A80EA9D1B2F8FFE7 /* Pods_tutuRoute.framework */,
			);
			name = Frameworks;
			sourceTree = "<group>";
		};
		65DFB9573729D02019E7BDCB /* Pods */ = {
			isa = PBXGroup;
			children = (
				2EA1BBDC8E0D82070FC9D20A /* Pods-tutuRoute.debug.xcconfig */,
				4097E60AC6982CCF0B55D4D1 /* Pods-tutuRoute.release.xcconfig */,
			);
			name = Pods;
			sourceTree = "<group>";
		};
		FDAE5CAB1CE50CE6000D1DCB = {
			isa = PBXGroup;
			children = (
				FDAE5CB61CE50CE6000D1DCB /* tutuRoute */,
				FDAE5CCE1CE50CE6000D1DCB /* tutuRouteTests */,
				FDAE5CD91CE50CE6000D1DCB /* tutuRouteUITests */,
				FDAE5CB51CE50CE6000D1DCB /* Products */,
				65DFB9573729D02019E7BDCB /* Pods */,
				13CEB3463FB2817FFE3FC92D /* Frameworks */,
			);
			sourceTree = "<group>";
		};
		FDAE5CB51CE50CE6000D1DCB /* Products */ = {
			isa = PBXGroup;
			children = (
				FDAE5CB41CE50CE6000D1DCB /* tutuRoute.app */,
				FDAE5CCB1CE50CE6000D1DCB /* tutuRouteTests.xctest */,
				FDAE5CD61CE50CE6000D1DCB /* tutuRouteUITests.xctest */,
			);
			name = Products;
			sourceTree = "<group>";
		};
		FDAE5CB61CE50CE6000D1DCB /* tutuRoute */ = {
			isa = PBXGroup;
			children = (
				FDAE5CE81CE77463000D1DCB /* Datamodel.swift */,
				FD599B5F1CEB76DE006E9D4D /* StationsLoader.swift */,
				FDBFE07B1CEA1D1D00304322 /* RouteViewController.swift */,
				FDAE5CEA1CE77693000D1DCB /* Station.swift */,
				FDAE5CEE1CE92891000D1DCB /* StationsListViewController.swift */,
				FDBFE07D1CEA393E00304322 /* StationInfoViewController.swift */,
				FDAE5CB71CE50CE6000D1DCB /* AppDelegate.swift */,
				FDAE5CEC1CE92260000D1DCB /* stations.json */,
				FDAE5CBB1CE50CE6000D1DCB /* Main.storyboard */,
				FDAE5CC11CE50CE6000D1DCB /* Assets.xcassets */,
				FDAE5CC31CE50CE6000D1DCB /* LaunchScreen.storyboard */,
				FDAE5CC61CE50CE6000D1DCB /* Info.plist */,
				FDAE5CBE1CE50CE6000D1DCB /* tutuRoute.xcdatamodeld */,
			);
			path = tutuRoute;
			sourceTree = "<group>";
		};
		FDAE5CCE1CE50CE6000D1DCB /* tutuRouteTests */ = {
			isa = PBXGroup;
			children = (
				FDAE5CCF1CE50CE6000D1DCB /* tutuRouteTests.swift */,
				FDAE5CD11CE50CE6000D1DCB /* Info.plist */,
			);
			path = tutuRouteTests;
			sourceTree = "<group>";
		};
		FDAE5CD91CE50CE6000D1DCB /* tutuRouteUITests */ = {
			isa = PBXGroup;
			children = (
				FDAE5CDA1CE50CE6000D1DCB /* tutuRouteUITests.swift */,
				FDAE5CDC1CE50CE6000D1DCB /* Info.plist */,
			);
			path = tutuRouteUITests;
			sourceTree = "<group>";
		};
/* End PBXGroup section */

/* Begin PBXNativeTarget section */
		FDAE5CB31CE50CE6000D1DCB /* tutuRoute */ = {
			isa = PBXNativeTarget;
			buildConfigurationList = FDAE5CDF1CE50CE6000D1DCB /* Build configuration list for PBXNativeTarget "tutuRoute" */;
			buildPhases = (
				466D17D7567F48717DFFF944 /* Check Pods Manifest.lock */,
				FDAE5CB01CE50CE6000D1DCB /* Sources */,
				FDAE5CB11CE50CE6000D1DCB /* Frameworks */,
				FDAE5CB21CE50CE6000D1DCB /* Resources */,
				00D0D8BE7C9CBB4EBF4526C1 /* Embed Pods Frameworks */,
				23DB432DB84578AF4D97547F /* Copy Pods Resources */,
			);
			buildRules = (
			);
			dependencies = (
			);
			name = tutuRoute;
			productName = tutuRoute;
			productReference = FDAE5CB41CE50CE6000D1DCB /* tutuRoute.app */;
			productType = "com.apple.product-type.application";
		};
		FDAE5CCA1CE50CE6000D1DCB /* tutuRouteTests */ = {
			isa = PBXNativeTarget;
			buildConfigurationList = FDAE5CE21CE50CE6000D1DCB /* Build configuration list for PBXNativeTarget "tutuRouteTests" */;
			buildPhases = (
				FDAE5CC71CE50CE6000D1DCB /* Sources */,
				FDAE5CC81CE50CE6000D1DCB /* Frameworks */,
				FDAE5CC91CE50CE6000D1DCB /* Resources */,
			);
			buildRules = (
			);
			dependencies = (
				FDAE5CCD1CE50CE6000D1DCB /* PBXTargetDependency */,
			);
			name = tutuRouteTests;
			productName = tutuRouteTests;
			productReference = FDAE5CCB1CE50CE6000D1DCB /* tutuRouteTests.xctest */;
			productType = "com.apple.product-type.bundle.unit-test";
		};
		FDAE5CD51CE50CE6000D1DCB /* tutuRouteUITests */ = {
			isa = PBXNativeTarget;
			buildConfigurationList = FDAE5CE51CE50CE6000D1DCB /* Build configuration list for PBXNativeTarget "tutuRouteUITests" */;
			buildPhases = (
				FDAE5CD21CE50CE6000D1DCB /* Sources */,
				FDAE5CD31CE50CE6000D1DCB /* Frameworks */,
				FDAE5CD41CE50CE6000D1DCB /* Resources */,
			);
			buildRules = (
			);
			dependencies = (
				FDAE5CD81CE50CE6000D1DCB /* PBXTargetDependency */,
			);
			name = tutuRouteUITests;
			productName = tutuRouteUITests;
			productReference = FDAE5CD61CE50CE6000D1DCB /* tutuRouteUITests.xctest */;
			productType = "com.apple.product-type.bundle.ui-testing";
		};
/* End PBXNativeTarget section */

/* Begin PBXProject section */
		FDAE5CAC1CE50CE6000D1DCB /* Project object */ = {
			isa = PBXProject;
			attributes = {
				LastSwiftUpdateCheck = 0730;
				LastUpgradeCheck = 0730;
				ORGANIZATIONNAME = Shlesberg;
				TargetAttributes = {
					FDAE5CB31CE50CE6000D1DCB = {
						CreatedOnToolsVersion = 7.3.1;
					};
					FDAE5CCA1CE50CE6000D1DCB = {
						CreatedOnToolsVersion = 7.3.1;
						TestTargetID = FDAE5CB31CE50CE6000D1DCB;
					};
					FDAE5CD51CE50CE6000D1DCB = {
						CreatedOnToolsVersion = 7.3.1;
						TestTargetID = FDAE5CB31CE50CE6000D1DCB;
					};
				};
			};
			buildConfigurationList = FDAE5CAF1CE50CE6000D1DCB /* Build configuration list for PBXProject "tutuRoute" */;
			compatibilityVersion = "Xcode 3.2";
			developmentRegion = English;
			hasScannedForEncodings = 0;
			knownRegions = (
				en,
				Base,
			);
			mainGroup = FDAE5CAB1CE50CE6000D1DCB;
			productRefGroup = FDAE5CB51CE50CE6000D1DCB /* Products */;
			projectDirPath = "";
			projectRoot = "";
			targets = (
				FDAE5CB31CE50CE6000D1DCB /* tutuRoute */,
				FDAE5CCA1CE50CE6000D1DCB /* tutuRouteTests */,
				FDAE5CD51CE50CE6000D1DCB /* tutuRouteUITests */,
			);
		};
/* End PBXProject section */

/* Begin PBXResourcesBuildPhase section */
		FDAE5CB21CE50CE6000D1DCB /* Resources */ = {
			isa = PBXResourcesBuildPhase;
			buildActionMask = 2147483647;
			files = (
				FDAE5CC51CE50CE6000D1DCB /* LaunchScreen.storyboard in Resources */,
				FDAE5CC21CE50CE6000D1DCB /* Assets.xcassets in Resources */,
				FDAE5CED1CE92260000D1DCB /* stations.json in Resources */,
				FDAE5CBD1CE50CE6000D1DCB /* Main.storyboard in Resources */,
			);
			runOnlyForDeploymentPostprocessing = 0;
		};
		FDAE5CC91CE50CE6000D1DCB /* Resources */ = {
			isa = PBXResourcesBuildPhase;
			buildActionMask = 2147483647;
			files = (
			);
			runOnlyForDeploymentPostprocessing = 0;
		};
		FDAE5CD41CE50CE6000D1DCB /* Resources */ = {
			isa = PBXResourcesBuildPhase;
			buildActionMask = 2147483647;
			files = (
			);
			runOnlyForDeploymentPostprocessing = 0;
		};
/* End PBXResourcesBuildPhase section */

/* Begin PBXShellScriptBuildPhase section */
		00D0D8BE7C9CBB4EBF4526C1 /* Embed Pods Frameworks */ = {
			isa = PBXShellScriptBuildPhase;
			buildActionMask = 2147483647;
			files = (
			);
			inputPaths = (
			);
			name = "Embed Pods Frameworks";
			outputPaths = (
			);
			runOnlyForDeploymentPostprocessing = 0;
			shellPath = /bin/sh;
			shellScript = "\"${SRCROOT}/Pods/Target Support Files/Pods-tutuRoute/Pods-tutuRoute-frameworks.sh\"\n";
			showEnvVarsInLog = 0;
		};
		23DB432DB84578AF4D97547F /* Copy Pods Resources */ = {
			isa = PBXShellScriptBuildPhase;
			buildActionMask = 2147483647;
			files = (
			);
			inputPaths = (
			);
			name = "Copy Pods Resources";
			outputPaths = (
			);
			runOnlyForDeploymentPostprocessing = 0;
			shellPath = /bin/sh;
			shellScript = "\"${SRCROOT}/Pods/Target Support Files/Pods-tutuRoute/Pods-tutuRoute-resources.sh\"\n";
			showEnvVarsInLog = 0;
		};
		466D17D7567F48717DFFF944 /* Check Pods Manifest.lock */ = {
			isa = PBXShellScriptBuildPhase;
			buildActionMask = 2147483647;
			files = (
			);
			inputPaths = (
			);
			name = "Check Pods Manifest.lock";
			outputPaths = (
			);
			runOnlyForDeploymentPostprocessing = 0;
			shellPath = /bin/sh;
			shellScript = "diff \"${PODS_ROOT}/../Podfile.lock\" \"${PODS_ROOT}/Manifest.lock\" > /dev/null\nif [[ $? != 0 ]] ; then\n    cat << EOM\nerror: The sandbox is not in sync with the Podfile.lock. Run 'pod install' or update your CocoaPods installation.\nEOM\n    exit 1\nfi\n";
			showEnvVarsInLog = 0;
		};
/* End PBXShellScriptBuildPhase section */

/* Begin PBXSourcesBuildPhase section */
		FDAE5CB01CE50CE6000D1DCB /* Sources */ = {
			isa = PBXSourcesBuildPhase;
			buildActionMask = 2147483647;
			files = (
				FDAE5CC01CE50CE6000D1DCB /* tutuRoute.xcdatamodeld in Sources */,
				FDAE5CEB1CE77693000D1DCB /* Station.swift in Sources */,
				FDAE5CEF1CE92891000D1DCB /* StationsListViewController.swift in Sources */,
				FDAE5CE91CE77463000D1DCB /* Datamodel.swift in Sources */,
				FDAE5CB81CE50CE6000D1DCB /* AppDelegate.swift in Sources */,
				FDBFE07C1CEA1D1D00304322 /* RouteViewController.swift in Sources */,
				FD599B601CEB76DE006E9D4D /* StationsLoader.swift in Sources */,
				FDBFE07E1CEA393E00304322 /* StationInfoViewController.swift in Sources */,
			);
			runOnlyForDeploymentPostprocessing = 0;
		};
		FDAE5CC71CE50CE6000D1DCB /* Sources */ = {
			isa = PBXSourcesBuildPhase;
			buildActionMask = 2147483647;
			files = (
				FDAE5CD01CE50CE6000D1DCB /* tutuRouteTests.swift in Sources */,
			);
			runOnlyForDeploymentPostprocessing = 0;
		};
		FDAE5CD21CE50CE6000D1DCB /* Sources */ = {
			isa = PBXSourcesBuildPhase;
			buildActionMask = 2147483647;
			files = (
				FDAE5CDB1CE50CE6000D1DCB /* tutuRouteUITests.swift in Sources */,
			);
			runOnlyForDeploymentPostprocessing = 0;
		};
/* End PBXSourcesBuildPhase section */

/* Begin PBXTargetDependency section */
		FDAE5CCD1CE50CE6000D1DCB /* PBXTargetDependency */ = {
			isa = PBXTargetDependency;
			target = FDAE5CB31CE50CE6000D1DCB /* tutuRoute */;
			targetProxy = FDAE5CCC1CE50CE6000D1DCB /* PBXContainerItemProxy */;
		};
		FDAE5CD81CE50CE6000D1DCB /* PBXTargetDependency */ = {
			isa = PBXTargetDependency;
			target = FDAE5CB31CE50CE6000D1DCB /* tutuRoute */;
			targetProxy = FDAE5CD71CE50CE6000D1DCB /* PBXContainerItemProxy */;
		};
/* End PBXTargetDependency section */

/* Begin PBXVariantGroup section */
		FDAE5CBB1CE50CE6000D1DCB /* Main.storyboard */ = {
			isa = PBXVariantGroup;
			children = (
				FDAE5CBC1CE50CE6000D1DCB /* Base */,
			);
			name = Main.storyboard;
			sourceTree = "<group>";
		};
		FDAE5CC31CE50CE6000D1DCB /* LaunchScreen.storyboard */ = {
			isa = PBXVariantGroup;
			children = (
				FDAE5CC41CE50CE6000D1DCB /* Base */,
			);
			name = LaunchScreen.storyboard;
			sourceTree = "<group>";
		};
/* End PBXVariantGroup section */

/* Begin XCBuildConfiguration section */
		FDAE5CDD1CE50CE6000D1DCB /* Debug */ = {
			isa = XCBuildConfiguration;
			buildSettings = {
				ALWAYS_SEARCH_USER_PATHS = NO;
				CLANG_ANALYZER_NONNULL = YES;
				CLANG_CXX_LANGUAGE_STANDARD = "gnu++0x";
				CLANG_CXX_LIBRARY = "libc++";
				CLANG_ENABLE_MODULES = YES;
				CLANG_ENABLE_OBJC_ARC = YES;
				CLANG_WARN_BOOL_CONVERSION = YES;
				CLANG_WARN_CONSTANT_CONVERSION = YES;
				CLANG_WARN_DIRECT_OBJC_ISA_USAGE = YES_ERROR;
				CLANG_WARN_EMPTY_BODY = YES;
				CLANG_WARN_ENUM_CONVERSION = YES;
				CLANG_WARN_INT_CONVERSION = YES;
				CLANG_WARN_OBJC_ROOT_CLASS = YES_ERROR;
				CLANG_WARN_UNREACHABLE_CODE = YES;
				CLANG_WARN__DUPLICATE_METHOD_MATCH = YES;
				"CODE_SIGN_IDENTITY[sdk=iphoneos*]" = "iPhone Developer";
				COPY_PHASE_STRIP = NO;
				DEBUG_INFORMATION_FORMAT = dwarf;
				ENABLE_STRICT_OBJC_MSGSEND = YES;
				ENABLE_TESTABILITY = YES;
				GCC_C_LANGUAGE_STANDARD = gnu99;
				GCC_DYNAMIC_NO_PIC = NO;
				GCC_NO_COMMON_BLOCKS = YES;
				GCC_OPTIMIZATION_LEVEL = 0;
				GCC_PREPROCESSOR_DEFINITIONS = (
					"DEBUG=1",
					"$(inherited)",
				);
				GCC_WARN_64_TO_32_BIT_CONVERSION = YES;
				GCC_WARN_ABOUT_RETURN_TYPE = YES_ERROR;
				GCC_WARN_UNDECLARED_SELECTOR = YES;
				GCC_WARN_UNINITIALIZED_AUTOS = YES_AGGRESSIVE;
				GCC_WARN_UNUSED_FUNCTION = YES;
				GCC_WARN_UNUSED_VARIABLE = YES;
				IPHONEOS_DEPLOYMENT_TARGET = 9.3;
				MTL_ENABLE_DEBUG_INFO = YES;
				ONLY_ACTIVE_ARCH = YES;
				SDKROOT = iphoneos;
				SWIFT_OPTIMIZATION_LEVEL = "-Onone";
				TARGETED_DEVICE_FAMILY = "1,2";
			};
			name = Debug;
		};
		FDAE5CDE1CE50CE6000D1DCB /* Release */ = {
			isa = XCBuildConfiguration;
			buildSettings = {
				ALWAYS_SEARCH_USER_PATHS = NO;
				CLANG_ANALYZER_NONNULL = YES;
				CLANG_CXX_LANGUAGE_STANDARD = "gnu++0x";
				CLANG_CXX_LIBRARY = "libc++";
				CLANG_ENABLE_MODULES = YES;
				CLANG_ENABLE_OBJC_ARC = YES;
				CLANG_WARN_BOOL_CONVERSION = YES;
				CLANG_WARN_CONSTANT_CONVERSION = YES;
				CLANG_WARN_DIRECT_OBJC_ISA_USAGE = YES_ERROR;
				CLANG_WARN_EMPTY_BODY = YES;
				CLANG_WARN_ENUM_CONVERSION = YES;
				CLANG_WARN_INT_CONVERSION = YES;
				CLANG_WARN_OBJC_ROOT_CLASS = YES_ERROR;
				CLANG_WARN_UNREACHABLE_CODE = YES;
				CLANG_WARN__DUPLICATE_METHOD_MATCH = YES;
				"CODE_SIGN_IDENTITY[sdk=iphoneos*]" = "iPhone Developer";
				COPY_PHASE_STRIP = NO;
				DEBUG_INFORMATION_FORMAT = "dwarf-with-dsym";
				ENABLE_NS_ASSERTIONS = NO;
				ENABLE_STRICT_OBJC_MSGSEND = YES;
				GCC_C_LANGUAGE_STANDARD = gnu99;
				GCC_NO_COMMON_BLOCKS = YES;
				GCC_WARN_64_TO_32_BIT_CONVERSION = YES;
				GCC_WARN_ABOUT_RETURN_TYPE = YES_ERROR;
				GCC_WARN_UNDECLARED_SELECTOR = YES;
				GCC_WARN_UNINITIALIZED_AUTOS = YES_AGGRESSIVE;
				GCC_WARN_UNUSED_FUNCTION = YES;
				GCC_WARN_UNUSED_VARIABLE = YES;
				IPHONEOS_DEPLOYMENT_TARGET = 9.3;
				MTL_ENABLE_DEBUG_INFO = NO;
				SDKROOT = iphoneos;
				TARGETED_DEVICE_FAMILY = "1,2";
				VALIDATE_PRODUCT = YES;
			};
			name = Release;
		};
		FDAE5CE01CE50CE6000D1DCB /* Debug */ = {
			isa = XCBuildConfiguration;
			baseConfigurationReference = 2EA1BBDC8E0D82070FC9D20A /* Pods-tutuRoute.debug.xcconfig */;
			buildSettings = {
				ASSETCATALOG_COMPILER_APPICON_NAME = AppIcon;
				INFOPLIST_FILE = tutuRoute/Info.plist;
				LD_RUNPATH_SEARCH_PATHS = "$(inherited) @executable_path/Frameworks";
				PRODUCT_BUNDLE_IDENTIFIER = shles.tutuRoute;
				PRODUCT_NAME = "$(TARGET_NAME)";
			};
			name = Debug;
		};
		FDAE5CE11CE50CE6000D1DCB /* Release */ = {
			isa = XCBuildConfiguration;
			baseConfigurationReference = 4097E60AC6982CCF0B55D4D1 /* Pods-tutuRoute.release.xcconfig */;
			buildSettings = {
				ASSETCATALOG_COMPILER_APPICON_NAME = AppIcon;
				INFOPLIST_FILE = tutuRoute/Info.plist;
				LD_RUNPATH_SEARCH_PATHS = "$(inherited) @executable_path/Frameworks";
				PRODUCT_BUNDLE_IDENTIFIER = shles.tutuRoute;
				PRODUCT_NAME = "$(TARGET_NAME)";
			};
			name = Release;
		};
		FDAE5CE31CE50CE6000D1DCB /* Debug */ = {
			isa = XCBuildConfiguration;
			buildSettings = {
				BUNDLE_LOADER = "$(TEST_HOST)";
				INFOPLIST_FILE = tutuRouteTests/Info.plist;
				LD_RUNPATH_SEARCH_PATHS = "$(inherited) @executable_path/Frameworks @loader_path/Frameworks";
				PRODUCT_BUNDLE_IDENTIFIER = shles.tutuRouteTests;
				PRODUCT_NAME = "$(TARGET_NAME)";
				TEST_HOST = "$(BUILT_PRODUCTS_DIR)/tutuRoute.app/tutuRoute";
			};
			name = Debug;
		};
		FDAE5CE41CE50CE6000D1DCB /* Release */ = {
			isa = XCBuildConfiguration;
			buildSettings = {
				BUNDLE_LOADER = "$(TEST_HOST)";
				INFOPLIST_FILE = tutuRouteTests/Info.plist;
				LD_RUNPATH_SEARCH_PATHS = "$(inherited) @executable_path/Frameworks @loader_path/Frameworks";
				PRODUCT_BUNDLE_IDENTIFIER = shles.tutuRouteTests;
				PRODUCT_NAME = "$(TARGET_NAME)";
				TEST_HOST = "$(BUILT_PRODUCTS_DIR)/tutuRoute.app/tutuRoute";
			};
			name = Release;
		};
		FDAE5CE61CE50CE6000D1DCB /* Debug */ = {
			isa = XCBuildConfiguration;
			buildSettings = {
				INFOPLIST_FILE = tutuRouteUITests/Info.plist;
				LD_RUNPATH_SEARCH_PATHS = "$(inherited) @executable_path/Frameworks @loader_path/Frameworks";
				PRODUCT_BUNDLE_IDENTIFIER = shles.tutuRouteUITests;
				PRODUCT_NAME = "$(TARGET_NAME)";
				TEST_TARGET_NAME = tutuRoute;
			};
			name = Debug;
		};
		FDAE5CE71CE50CE6000D1DCB /* Release */ = {
			isa = XCBuildConfiguration;
			buildSettings = {
				INFOPLIST_FILE = tutuRouteUITests/Info.plist;
				LD_RUNPATH_SEARCH_PATHS = "$(inherited) @executable_path/Frameworks @loader_path/Frameworks";
				PRODUCT_BUNDLE_IDENTIFIER = shles.tutuRouteUITests;
				PRODUCT_NAME = "$(TARGET_NAME)";
				TEST_TARGET_NAME = tutuRoute;
			};
			name = Release;
		};
/* End XCBuildConfiguration section */

/* Begin XCConfigurationList section */
		FDAE5CAF1CE50CE6000D1DCB /* Build configuration list for PBXProject "tutuRoute" */ = {
			isa = XCConfigurationList;
			buildConfigurations = (
				FDAE5CDD1CE50CE6000D1DCB /* Debug */,
				FDAE5CDE1CE50CE6000D1DCB /* Release */,
			);
			defaultConfigurationIsVisible = 0;
			defaultConfigurationName = Release;
		};
		FDAE5CDF1CE50CE6000D1DCB /* Build configuration list for PBXNativeTarget "tutuRoute" */ = {
			isa = XCConfigurationList;
			buildConfigurations = (
				FDAE5CE01CE50CE6000D1DCB /* Debug */,
				FDAE5CE11CE50CE6000D1DCB /* Release */,
			);
			defaultConfigurationIsVisible = 0;
			defaultConfigurationName = Release;
		};
		FDAE5CE21CE50CE6000D1DCB /* Build configuration list for PBXNativeTarget "tutuRouteTests" */ = {
			isa = XCConfigurationList;
			buildConfigurations = (
				FDAE5CE31CE50CE6000D1DCB /* Debug */,
				FDAE5CE41CE50CE6000D1DCB /* Release */,
			);
			defaultConfigurationIsVisible = 0;
			defaultConfigurationName = Release;
		};
		FDAE5CE51CE50CE6000D1DCB /* Build configuration list for PBXNativeTarget "tutuRouteUITests" */ = {
			isa = XCConfigurationList;
			buildConfigurations = (
				FDAE5CE61CE50CE6000D1DCB /* Debug */,
				FDAE5CE71CE50CE6000D1DCB /* Release */,
			);
			defaultConfigurationIsVisible = 0;
			defaultConfigurationName = Release;
		};
/* End XCConfigurationList section */

/* Begin XCVersionGroup section */
		FDAE5CBE1CE50CE6000D1DCB /* tutuRoute.xcdatamodeld */ = {
			isa = XCVersionGroup;
			children = (
				FDAE5CBF1CE50CE6000D1DCB /* tutuRoute.xcdatamodel */,
			);
			currentVersion = FDAE5CBF1CE50CE6000D1DCB /* tutuRoute.xcdatamodel */;
			path = tutuRoute.xcdatamodeld;
			sourceTree = "<group>";
			versionGroupType = wrapper.xcdatamodel;
		};
/* End XCVersionGroup section */
	};
	rootObject = FDAE5CAC1CE50CE6000D1DCB /* Project object */;
}
